// !$*UTF8*$!
{
	archiveVersion = 1;
	classes = {
	};
	objectVersion = 56;
	objects = {

/* Begin PBXBuildFile section */
		940FD642294764460042B75F /* FirebaseStorage in Frameworks */ = {isa = PBXBuildFile; productRef = 940FD641294764460042B75F /* FirebaseStorage */; };
		940FD6442947651B0042B75F /* UIImage + Extension.swift in Sources */ = {isa = PBXBuildFile; fileRef = 940FD6432947651B0042B75F /* UIImage + Extension.swift */; };
		940FD646294774AC0042B75F /* ListenerService.swift in Sources */ = {isa = PBXBuildFile; fileRef = 940FD645294774AC0042B75F /* ListenerService.swift */; };
		940FD64929477C6E0042B75F /* Nuke in Frameworks */ = {isa = PBXBuildFile; productRef = 940FD64829477C6E0042B75F /* Nuke */; };
		940FD64B29477FAC0042B75F /* NukeExtensions in Frameworks */ = {isa = PBXBuildFile; productRef = 940FD64A29477FAC0042B75F /* NukeExtensions */; };
		940FD64D294795770042B75F /* MMessage.swift in Sources */ = {isa = PBXBuildFile; fileRef = 940FD64C294795770042B75F /* MMessage.swift */; };
		940FD64F2947B2950042B75F /* WaitingChatsNavigation.swift in Sources */ = {isa = PBXBuildFile; fileRef = 940FD64E2947B2950042B75F /* WaitingChatsNavigation.swift */; };
		940FD6542948B5AC0042B75F /* ChatsViewController.swift in Sources */ = {isa = PBXBuildFile; fileRef = 940FD6532948B5AC0042B75F /* ChatsViewController.swift */; };
		9453EF5C2944982E00A490A6 /* Validators.swift in Sources */ = {isa = PBXBuildFile; fileRef = 9453EF5B2944982E00A490A6 /* Validators.swift */; };
		9453EF5E29449A6400A490A6 /* AuthError.swift in Sources */ = {isa = PBXBuildFile; fileRef = 9453EF5D29449A6400A490A6 /* AuthError.swift */; };
		9453EF612944BAAE00A490A6 /* AuthNavigationDelegate.swift in Sources */ = {isa = PBXBuildFile; fileRef = 9453EF602944BAAE00A490A6 /* AuthNavigationDelegate.swift */; };
		947034602940D95500510CB1 /* AppDelegate.swift in Sources */ = {isa = PBXBuildFile; fileRef = 9470345F2940D95500510CB1 /* AppDelegate.swift */; };
		947034622940D95500510CB1 /* SceneDelegate.swift in Sources */ = {isa = PBXBuildFile; fileRef = 947034612940D95500510CB1 /* SceneDelegate.swift */; };
		947034642940D95500510CB1 /* AuthViewController.swift in Sources */ = {isa = PBXBuildFile; fileRef = 947034632940D95500510CB1 /* AuthViewController.swift */; };
		947034692940D95700510CB1 /* Assets.xcassets in Resources */ = {isa = PBXBuildFile; fileRef = 947034682940D95700510CB1 /* Assets.xcassets */; };
		9470346C2940D95700510CB1 /* LaunchScreen.storyboard in Resources */ = {isa = PBXBuildFile; fileRef = 9470346A2940D95700510CB1 /* LaunchScreen.storyboard */; };
		949E7CE92940DEED00FCB1CD /* UIButton + Extension.swift in Sources */ = {isa = PBXBuildFile; fileRef = 949E7CE82940DEED00FCB1CD /* UIButton + Extension.swift */; };
		949E7CEB2940E11000FCB1CD /* UIFont + Extension.swift in Sources */ = {isa = PBXBuildFile; fileRef = 949E7CEA2940E11000FCB1CD /* UIFont + Extension.swift */; };
		949E7CED2940E20A00FCB1CD /* UIColor + Extension.swift in Sources */ = {isa = PBXBuildFile; fileRef = 949E7CEC2940E20A00FCB1CD /* UIColor + Extension.swift */; };
		949E7CEF2940E45100FCB1CD /* UILabel + Extension.swift in Sources */ = {isa = PBXBuildFile; fileRef = 949E7CEE2940E45100FCB1CD /* UILabel + Extension.swift */; };
		949E7CF12940EAB300FCB1CD /* UIImageView + Extension.swift in Sources */ = {isa = PBXBuildFile; fileRef = 949E7CF02940EAB300FCB1CD /* UIImageView + Extension.swift */; };
		949E7CF52940EC0500FCB1CD /* ButtonFromView.swift in Sources */ = {isa = PBXBuildFile; fileRef = 949E7CF42940EC0500FCB1CD /* ButtonFromView.swift */; };
		949E7CF72940FEFA00FCB1CD /* UIStackView + Extension.swift in Sources */ = {isa = PBXBuildFile; fileRef = 949E7CF62940FEFA00FCB1CD /* UIStackView + Extension.swift */; };
		949E7CF92941009F00FCB1CD /* SignUpViewController.swift in Sources */ = {isa = PBXBuildFile; fileRef = 949E7CF82941009F00FCB1CD /* SignUpViewController.swift */; };
		949E7CFB2941026300FCB1CD /* OneLineTextField.swift in Sources */ = {isa = PBXBuildFile; fileRef = 949E7CFA2941026300FCB1CD /* OneLineTextField.swift */; };
		949E7CFD29410C4400FCB1CD /* LoginViewController.swift in Sources */ = {isa = PBXBuildFile; fileRef = 949E7CFC29410C4400FCB1CD /* LoginViewController.swift */; };
		949E7CFF2941120300FCB1CD /* SetupProfileViewController.swift in Sources */ = {isa = PBXBuildFile; fileRef = 949E7CFE2941120300FCB1CD /* SetupProfileViewController.swift */; };
		949E7D012941166000FCB1CD /* AddPhotoView.swift in Sources */ = {isa = PBXBuildFile; fileRef = 949E7D002941166000FCB1CD /* AddPhotoView.swift */; };
		949E7D0329411EA000FCB1CD /* UISegmentedControl + Extension.swift in Sources */ = {isa = PBXBuildFile; fileRef = 949E7D0229411EA000FCB1CD /* UISegmentedControl + Extension.swift */; };
		949E7D07294207E700FCB1CD /* MainTabBarController.swift in Sources */ = {isa = PBXBuildFile; fileRef = 949E7D06294207E700FCB1CD /* MainTabBarController.swift */; };
		949E7D092942081000FCB1CD /* ListViewController.swift in Sources */ = {isa = PBXBuildFile; fileRef = 949E7D082942081000FCB1CD /* ListViewController.swift */; };
		949E7D0B2942082600FCB1CD /* PeopleViewController.swift in Sources */ = {isa = PBXBuildFile; fileRef = 949E7D0A2942082600FCB1CD /* PeopleViewController.swift */; };
		949E7D1129421B0400FCB1CD /* Bundle-Decodable.swift in Sources */ = {isa = PBXBuildFile; fileRef = 949E7D1029421B0400FCB1CD /* Bundle-Decodable.swift */; };
		949E7D142942233000FCB1CD /* ActiveChatCell.swift in Sources */ = {isa = PBXBuildFile; fileRef = 949E7D132942233000FCB1CD /* ActiveChatCell.swift */; };
		949E7D1629422DA900FCB1CD /* GadientView.swift in Sources */ = {isa = PBXBuildFile; fileRef = 949E7D1529422DA800FCB1CD /* GadientView.swift */; };
		949E7D182942343A00FCB1CD /* WaitingChatCell.swift in Sources */ = {isa = PBXBuildFile; fileRef = 949E7D172942343A00FCB1CD /* WaitingChatCell.swift */; };
		949E7D1A2942409300FCB1CD /* SelfConfigureCell.swift in Sources */ = {isa = PBXBuildFile; fileRef = 949E7D192942409300FCB1CD /* SelfConfigureCell.swift */; };
		949E7D1E294244BF00FCB1CD /* waitingChats.json in Resources */ = {isa = PBXBuildFile; fileRef = 949E7D1C294244BF00FCB1CD /* waitingChats.json */; };
		949E7D1F294244BF00FCB1CD /* activeChats.json in Resources */ = {isa = PBXBuildFile; fileRef = 949E7D1D294244BF00FCB1CD /* activeChats.json */; };
		949E7D212942465500FCB1CD /* SectionHeader.swift in Sources */ = {isa = PBXBuildFile; fileRef = 949E7D202942465500FCB1CD /* SectionHeader.swift */; };
		949E7D242942537100FCB1CD /* MUser.swift in Sources */ = {isa = PBXBuildFile; fileRef = 949E7D232942537100FCB1CD /* MUser.swift */; };
		949E7D262942537C00FCB1CD /* MChat.swift in Sources */ = {isa = PBXBuildFile; fileRef = 949E7D252942537C00FCB1CD /* MChat.swift */; };
		949E7D2B294254AF00FCB1CD /* users.json in Resources */ = {isa = PBXBuildFile; fileRef = 949E7D2A294254AF00FCB1CD /* users.json */; };
		949E7D2D2942B50700FCB1CD /* UserCell.swift in Sources */ = {isa = PBXBuildFile; fileRef = 949E7D2C2942B50700FCB1CD /* UserCell.swift */; };
		949E7D2F2942B68600FCB1CD /* UIViewController + Extension.swift in Sources */ = {isa = PBXBuildFile; fileRef = 949E7D2E2942B68600FCB1CD /* UIViewController + Extension.swift */; };
		949E7D312942C16800FCB1CD /* ProfileViewController.swift in Sources */ = {isa = PBXBuildFile; fileRef = 949E7D302942C16800FCB1CD /* ProfileViewController.swift */; };
		949E7D332943643600FCB1CD /* InsertableTextField.swift in Sources */ = {isa = PBXBuildFile; fileRef = 949E7D322943643600FCB1CD /* InsertableTextField.swift */; };
		949E7D3529436B1900FCB1CD /* UIView + Extension.swift in Sources */ = {isa = PBXBuildFile; fileRef = 949E7D3429436B1900FCB1CD /* UIView + Extension.swift */; };
		949E7D3729436F2200FCB1CD /* ChatRequestViewController.swift in Sources */ = {isa = PBXBuildFile; fileRef = 949E7D3629436F2200FCB1CD /* ChatRequestViewController.swift */; };
		949E7D392943764400FCB1CD /* GoogleService-Info.plist in Resources */ = {isa = PBXBuildFile; fileRef = 949E7D382943764400FCB1CD /* GoogleService-Info.plist */; };
		949E7D3C29437E6200FCB1CD /* FirebaseAnalytics in Frameworks */ = {isa = PBXBuildFile; productRef = 949E7D3B29437E6200FCB1CD /* FirebaseAnalytics */; };
		949E7D3E29437E6200FCB1CD /* FirebaseAuth in Frameworks */ = {isa = PBXBuildFile; productRef = 949E7D3D29437E6200FCB1CD /* FirebaseAuth */; };
		949E7D412943955B00FCB1CD /* AuthService.swift in Sources */ = {isa = PBXBuildFile; fileRef = 949E7D402943955B00FCB1CD /* AuthService.swift */; };
		94B4A28A29461AE00051AE96 /* FirestoreService.swift in Sources */ = {isa = PBXBuildFile; fileRef = 94B4A28929461AE00051AE96 /* FirestoreService.swift */; };
		94B4A28D29461B280051AE96 /* FirebaseFirestore in Frameworks */ = {isa = PBXBuildFile; productRef = 94B4A28C29461B280051AE96 /* FirebaseFirestore */; };
		94B4A28F29461D830051AE96 /* UserError.swift in Sources */ = {isa = PBXBuildFile; fileRef = 94B4A28E29461D830051AE96 /* UserError.swift */; };
		94F2667629494F9900576519 /* MessageKit in Frameworks */ = {isa = PBXBuildFile; productRef = 94F2667529494F9900576519 /* MessageKit */; };
		94F2667C2949FF6900576519 /* InputBarAccessoryView in Frameworks */ = {isa = PBXBuildFile; productRef = 94F2667B2949FF6900576519 /* InputBarAccessoryView */; };
		94F2667E294A209A00576519 /* UIScrollView + Extension.swift in Sources */ = {isa = PBXBuildFile; fileRef = 94F2667D294A209A00576519 /* UIScrollView + Extension.swift */; };
		94F4CAF429464F7D00C6C810 /* GoogleSignIn in Frameworks */ = {isa = PBXBuildFile; productRef = 94F4CAF329464F7D00C6C810 /* GoogleSignIn */; };
		94F4CAFA294655B200C6C810 /* StorageService.swift in Sources */ = {isa = PBXBuildFile; fileRef = 94F4CAF9294655B200C6C810 /* StorageService.swift */; };
/* End PBXBuildFile section */

/* Begin PBXFileReference section */
		940FD6432947651B0042B75F /* UIImage + Extension.swift */ = {isa = PBXFileReference; lastKnownFileType = sourcecode.swift; path = "UIImage + Extension.swift"; sourceTree = "<group>"; };
		940FD645294774AC0042B75F /* ListenerService.swift */ = {isa = PBXFileReference; lastKnownFileType = sourcecode.swift; path = ListenerService.swift; sourceTree = "<group>"; };
		940FD64C294795770042B75F /* MMessage.swift */ = {isa = PBXFileReference; lastKnownFileType = sourcecode.swift; path = MMessage.swift; sourceTree = "<group>"; };
		940FD64E2947B2950042B75F /* WaitingChatsNavigation.swift */ = {isa = PBXFileReference; lastKnownFileType = sourcecode.swift; path = WaitingChatsNavigation.swift; sourceTree = "<group>"; };
		940FD6532948B5AC0042B75F /* ChatsViewController.swift */ = {isa = PBXFileReference; lastKnownFileType = sourcecode.swift; path = ChatsViewController.swift; sourceTree = "<group>"; };
		9453EF5B2944982E00A490A6 /* Validators.swift */ = {isa = PBXFileReference; lastKnownFileType = sourcecode.swift; path = Validators.swift; sourceTree = "<group>"; };
		9453EF5D29449A6400A490A6 /* AuthError.swift */ = {isa = PBXFileReference; lastKnownFileType = sourcecode.swift; path = AuthError.swift; sourceTree = "<group>"; };
		9453EF602944BAAE00A490A6 /* AuthNavigationDelegate.swift */ = {isa = PBXFileReference; lastKnownFileType = sourcecode.swift; path = AuthNavigationDelegate.swift; sourceTree = "<group>"; };
		9470345C2940D95500510CB1 /* IChatApp.app */ = {isa = PBXFileReference; explicitFileType = wrapper.application; includeInIndex = 0; path = IChatApp.app; sourceTree = BUILT_PRODUCTS_DIR; };
		9470345F2940D95500510CB1 /* AppDelegate.swift */ = {isa = PBXFileReference; lastKnownFileType = sourcecode.swift; path = AppDelegate.swift; sourceTree = "<group>"; };
		947034612940D95500510CB1 /* SceneDelegate.swift */ = {isa = PBXFileReference; lastKnownFileType = sourcecode.swift; path = SceneDelegate.swift; sourceTree = "<group>"; };
		947034632940D95500510CB1 /* AuthViewController.swift */ = {isa = PBXFileReference; lastKnownFileType = sourcecode.swift; path = AuthViewController.swift; sourceTree = "<group>"; };
		947034682940D95700510CB1 /* Assets.xcassets */ = {isa = PBXFileReference; lastKnownFileType = folder.assetcatalog; path = Assets.xcassets; sourceTree = "<group>"; };
		9470346B2940D95700510CB1 /* Base */ = {isa = PBXFileReference; lastKnownFileType = file.storyboard; name = Base; path = Base.lproj/LaunchScreen.storyboard; sourceTree = "<group>"; };
		9470346D2940D95700510CB1 /* Info.plist */ = {isa = PBXFileReference; lastKnownFileType = text.plist.xml; path = Info.plist; sourceTree = "<group>"; };
		949E7CE82940DEED00FCB1CD /* UIButton + Extension.swift */ = {isa = PBXFileReference; lastKnownFileType = sourcecode.swift; path = "UIButton + Extension.swift"; sourceTree = "<group>"; };
		949E7CEA2940E11000FCB1CD /* UIFont + Extension.swift */ = {isa = PBXFileReference; lastKnownFileType = sourcecode.swift; path = "UIFont + Extension.swift"; sourceTree = "<group>"; };
		949E7CEC2940E20A00FCB1CD /* UIColor + Extension.swift */ = {isa = PBXFileReference; lastKnownFileType = sourcecode.swift; path = "UIColor + Extension.swift"; sourceTree = "<group>"; };
		949E7CEE2940E45100FCB1CD /* UILabel + Extension.swift */ = {isa = PBXFileReference; lastKnownFileType = sourcecode.swift; path = "UILabel + Extension.swift"; sourceTree = "<group>"; };
		949E7CF02940EAB300FCB1CD /* UIImageView + Extension.swift */ = {isa = PBXFileReference; lastKnownFileType = sourcecode.swift; path = "UIImageView + Extension.swift"; sourceTree = "<group>"; };
		949E7CF42940EC0500FCB1CD /* ButtonFromView.swift */ = {isa = PBXFileReference; lastKnownFileType = sourcecode.swift; path = ButtonFromView.swift; sourceTree = "<group>"; };
		949E7CF62940FEFA00FCB1CD /* UIStackView + Extension.swift */ = {isa = PBXFileReference; lastKnownFileType = sourcecode.swift; path = "UIStackView + Extension.swift"; sourceTree = "<group>"; };
		949E7CF82941009F00FCB1CD /* SignUpViewController.swift */ = {isa = PBXFileReference; lastKnownFileType = sourcecode.swift; path = SignUpViewController.swift; sourceTree = "<group>"; };
		949E7CFA2941026300FCB1CD /* OneLineTextField.swift */ = {isa = PBXFileReference; lastKnownFileType = sourcecode.swift; path = OneLineTextField.swift; sourceTree = "<group>"; };
		949E7CFC29410C4400FCB1CD /* LoginViewController.swift */ = {isa = PBXFileReference; lastKnownFileType = sourcecode.swift; path = LoginViewController.swift; sourceTree = "<group>"; };
		949E7CFE2941120300FCB1CD /* SetupProfileViewController.swift */ = {isa = PBXFileReference; lastKnownFileType = sourcecode.swift; path = SetupProfileViewController.swift; sourceTree = "<group>"; };
		949E7D002941166000FCB1CD /* AddPhotoView.swift */ = {isa = PBXFileReference; lastKnownFileType = sourcecode.swift; path = AddPhotoView.swift; sourceTree = "<group>"; };
		949E7D0229411EA000FCB1CD /* UISegmentedControl + Extension.swift */ = {isa = PBXFileReference; lastKnownFileType = sourcecode.swift; path = "UISegmentedControl + Extension.swift"; sourceTree = "<group>"; };
		949E7D06294207E700FCB1CD /* MainTabBarController.swift */ = {isa = PBXFileReference; lastKnownFileType = sourcecode.swift; path = MainTabBarController.swift; sourceTree = "<group>"; };
		949E7D082942081000FCB1CD /* ListViewController.swift */ = {isa = PBXFileReference; lastKnownFileType = sourcecode.swift; path = ListViewController.swift; sourceTree = "<group>"; };
		949E7D0A2942082600FCB1CD /* PeopleViewController.swift */ = {isa = PBXFileReference; lastKnownFileType = sourcecode.swift; path = PeopleViewController.swift; sourceTree = "<group>"; };
		949E7D1029421B0400FCB1CD /* Bundle-Decodable.swift */ = {isa = PBXFileReference; lastKnownFileType = sourcecode.swift; path = "Bundle-Decodable.swift"; sourceTree = "<group>"; };
		949E7D132942233000FCB1CD /* ActiveChatCell.swift */ = {isa = PBXFileReference; lastKnownFileType = sourcecode.swift; path = ActiveChatCell.swift; sourceTree = "<group>"; };
		949E7D1529422DA800FCB1CD /* GadientView.swift */ = {isa = PBXFileReference; lastKnownFileType = sourcecode.swift; path = GadientView.swift; sourceTree = "<group>"; };
		949E7D172942343A00FCB1CD /* WaitingChatCell.swift */ = {isa = PBXFileReference; lastKnownFileType = sourcecode.swift; path = WaitingChatCell.swift; sourceTree = "<group>"; };
		949E7D192942409300FCB1CD /* SelfConfigureCell.swift */ = {isa = PBXFileReference; lastKnownFileType = sourcecode.swift; path = SelfConfigureCell.swift; sourceTree = "<group>"; };
		949E7D1C294244BF00FCB1CD /* waitingChats.json */ = {isa = PBXFileReference; fileEncoding = 4; lastKnownFileType = text.json; path = waitingChats.json; sourceTree = "<group>"; };
		949E7D1D294244BF00FCB1CD /* activeChats.json */ = {isa = PBXFileReference; fileEncoding = 4; lastKnownFileType = text.json; path = activeChats.json; sourceTree = "<group>"; };
		949E7D202942465500FCB1CD /* SectionHeader.swift */ = {isa = PBXFileReference; lastKnownFileType = sourcecode.swift; path = SectionHeader.swift; sourceTree = "<group>"; };
		949E7D232942537100FCB1CD /* MUser.swift */ = {isa = PBXFileReference; lastKnownFileType = sourcecode.swift; path = MUser.swift; sourceTree = "<group>"; };
		949E7D252942537C00FCB1CD /* MChat.swift */ = {isa = PBXFileReference; lastKnownFileType = sourcecode.swift; path = MChat.swift; sourceTree = "<group>"; };
		949E7D2A294254AF00FCB1CD /* users.json */ = {isa = PBXFileReference; fileEncoding = 4; lastKnownFileType = text.json; path = users.json; sourceTree = "<group>"; };
		949E7D2C2942B50700FCB1CD /* UserCell.swift */ = {isa = PBXFileReference; lastKnownFileType = sourcecode.swift; path = UserCell.swift; sourceTree = "<group>"; };
		949E7D2E2942B68600FCB1CD /* UIViewController + Extension.swift */ = {isa = PBXFileReference; lastKnownFileType = sourcecode.swift; path = "UIViewController + Extension.swift"; sourceTree = "<group>"; };
		949E7D302942C16800FCB1CD /* ProfileViewController.swift */ = {isa = PBXFileReference; lastKnownFileType = sourcecode.swift; path = ProfileViewController.swift; sourceTree = "<group>"; };
		949E7D322943643600FCB1CD /* InsertableTextField.swift */ = {isa = PBXFileReference; lastKnownFileType = sourcecode.swift; path = InsertableTextField.swift; sourceTree = "<group>"; };
		949E7D3429436B1900FCB1CD /* UIView + Extension.swift */ = {isa = PBXFileReference; lastKnownFileType = sourcecode.swift; path = "UIView + Extension.swift"; sourceTree = "<group>"; };
		949E7D3629436F2200FCB1CD /* ChatRequestViewController.swift */ = {isa = PBXFileReference; lastKnownFileType = sourcecode.swift; path = ChatRequestViewController.swift; sourceTree = "<group>"; };
		949E7D382943764400FCB1CD /* GoogleService-Info.plist */ = {isa = PBXFileReference; fileEncoding = 4; lastKnownFileType = text.plist.xml; path = "GoogleService-Info.plist"; sourceTree = "<group>"; };
		949E7D402943955B00FCB1CD /* AuthService.swift */ = {isa = PBXFileReference; lastKnownFileType = sourcecode.swift; path = AuthService.swift; sourceTree = "<group>"; };
		94B4A28929461AE00051AE96 /* FirestoreService.swift */ = {isa = PBXFileReference; lastKnownFileType = sourcecode.swift; path = FirestoreService.swift; sourceTree = "<group>"; };
		94B4A28E29461D830051AE96 /* UserError.swift */ = {isa = PBXFileReference; lastKnownFileType = sourcecode.swift; path = UserError.swift; sourceTree = "<group>"; };
		94F2667D294A209A00576519 /* UIScrollView + Extension.swift */ = {isa = PBXFileReference; lastKnownFileType = sourcecode.swift; path = "UIScrollView + Extension.swift"; sourceTree = "<group>"; };
		94F4CAF9294655B200C6C810 /* StorageService.swift */ = {isa = PBXFileReference; lastKnownFileType = sourcecode.swift; path = StorageService.swift; sourceTree = "<group>"; };
/* End PBXFileReference section */

/* Begin PBXFrameworksBuildPhase section */
		947034592940D95500510CB1 /* Frameworks */ = {
			isa = PBXFrameworksBuildPhase;
			buildActionMask = 2147483647;
			files = (
				949E7D3C29437E6200FCB1CD /* FirebaseAnalytics in Frameworks */,
				94F4CAF429464F7D00C6C810 /* GoogleSignIn in Frameworks */,
				94F2667C2949FF6900576519 /* InputBarAccessoryView in Frameworks */,
				940FD64B29477FAC0042B75F /* NukeExtensions in Frameworks */,
				949E7D3E29437E6200FCB1CD /* FirebaseAuth in Frameworks */,
				940FD64929477C6E0042B75F /* Nuke in Frameworks */,
				940FD642294764460042B75F /* FirebaseStorage in Frameworks */,
				94B4A28D29461B280051AE96 /* FirebaseFirestore in Frameworks */,
				94F2667629494F9900576519 /* MessageKit in Frameworks */,
			);
			runOnlyForDeploymentPostprocessing = 0;
		};
/* End PBXFrameworksBuildPhase section */

/* Begin PBXGroup section */
		9453EF5F29449DAB00A490A6 /* Helpers */ = {
			isa = PBXGroup;
			children = (
				9453EF5B2944982E00A490A6 /* Validators.swift */,
				9453EF5D29449A6400A490A6 /* AuthError.swift */,
				94B4A28E29461D830051AE96 /* UserError.swift */,
			);
			path = Helpers;
			sourceTree = "<group>";
		};
		947034532940D95500510CB1 = {
			isa = PBXGroup;
			children = (
				9470345E2940D95500510CB1 /* IChatApp */,
				9470345D2940D95500510CB1 /* Products */,
				94B4A28B29461B280051AE96 /* Frameworks */,
			);
			sourceTree = "<group>";
		};
		9470345D2940D95500510CB1 /* Products */ = {
			isa = PBXGroup;
			children = (
				9470345C2940D95500510CB1 /* IChatApp.app */,
			);
			name = Products;
			sourceTree = "<group>";
		};
		9470345E2940D95500510CB1 /* IChatApp */ = {
			isa = PBXGroup;
			children = (
				9470345F2940D95500510CB1 /* AppDelegate.swift */,
				947034612940D95500510CB1 /* SceneDelegate.swift */,
				949E7D3F2943952400FCB1CD /* Services */,
				949E7D05294207CD00FCB1CD /* Controllers */,
				949E7D042942079D00FCB1CD /* SignIn&Auth */,
				949E7D1B294240A200FCB1CD /* Protocols */,
				949E7CF22940EB5D00FCB1CD /* Extensions */,
				9453EF5F29449DAB00A490A6 /* Helpers */,
				949E7D1D294244BF00FCB1CD /* activeChats.json */,
				949E7D1C294244BF00FCB1CD /* waitingChats.json */,
				949E7D2A294254AF00FCB1CD /* users.json */,
				947034682940D95700510CB1 /* Assets.xcassets */,
				9470346A2940D95700510CB1 /* LaunchScreen.storyboard */,
				9470346D2940D95700510CB1 /* Info.plist */,
				949E7D382943764400FCB1CD /* GoogleService-Info.plist */,
			);
			path = IChatApp;
			sourceTree = "<group>";
		};
		949E7CF22940EB5D00FCB1CD /* Extensions */ = {
			isa = PBXGroup;
			children = (
				949E7CF42940EC0500FCB1CD /* ButtonFromView.swift */,
				949E7D322943643600FCB1CD /* InsertableTextField.swift */,
				949E7CFA2941026300FCB1CD /* OneLineTextField.swift */,
				949E7D002941166000FCB1CD /* AddPhotoView.swift */,
				949E7D1029421B0400FCB1CD /* Bundle-Decodable.swift */,
				949E7D1529422DA800FCB1CD /* GadientView.swift */,
				949E7CF32940EB7300FCB1CD /* UIKit */,
			);
			path = Extensions;
			sourceTree = "<group>";
		};
		949E7CF32940EB7300FCB1CD /* UIKit */ = {
			isa = PBXGroup;
			children = (
				949E7D2E2942B68600FCB1CD /* UIViewController + Extension.swift */,
				949E7CE82940DEED00FCB1CD /* UIButton + Extension.swift */,
				949E7CEE2940E45100FCB1CD /* UILabel + Extension.swift */,
				949E7CEA2940E11000FCB1CD /* UIFont + Extension.swift */,
				949E7CEC2940E20A00FCB1CD /* UIColor + Extension.swift */,
				949E7CF02940EAB300FCB1CD /* UIImageView + Extension.swift */,
				949E7CF62940FEFA00FCB1CD /* UIStackView + Extension.swift */,
				949E7D0229411EA000FCB1CD /* UISegmentedControl + Extension.swift */,
				949E7D3429436B1900FCB1CD /* UIView + Extension.swift */,
				940FD6432947651B0042B75F /* UIImage + Extension.swift */,
				94F2667D294A209A00576519 /* UIScrollView + Extension.swift */,
			);
			path = UIKit;
			sourceTree = "<group>";
		};
		949E7D042942079D00FCB1CD /* SignIn&Auth */ = {
			isa = PBXGroup;
			children = (
				947034632940D95500510CB1 /* AuthViewController.swift */,
				949E7CF82941009F00FCB1CD /* SignUpViewController.swift */,
				949E7CFC29410C4400FCB1CD /* LoginViewController.swift */,
				949E7CFE2941120300FCB1CD /* SetupProfileViewController.swift */,
			);
			path = "SignIn&Auth";
			sourceTree = "<group>";
		};
		949E7D05294207CD00FCB1CD /* Controllers */ = {
			isa = PBXGroup;
			children = (
				949E7D06294207E700FCB1CD /* MainTabBarController.swift */,
				949E7D082942081000FCB1CD /* ListViewController.swift */,
				949E7D0A2942082600FCB1CD /* PeopleViewController.swift */,
				949E7D302942C16800FCB1CD /* ProfileViewController.swift */,
				949E7D3629436F2200FCB1CD /* ChatRequestViewController.swift */,
				940FD6532948B5AC0042B75F /* ChatsViewController.swift */,
				949E7D122942231000FCB1CD /* Cell */,
				949E7D22294252E500FCB1CD /* Header */,
			);
			path = Controllers;
			sourceTree = "<group>";
		};
		949E7D122942231000FCB1CD /* Cell */ = {
			isa = PBXGroup;
			children = (
				949E7D132942233000FCB1CD /* ActiveChatCell.swift */,
				949E7D172942343A00FCB1CD /* WaitingChatCell.swift */,
				949E7D2C2942B50700FCB1CD /* UserCell.swift */,
			);
			path = Cell;
			sourceTree = "<group>";
		};
		949E7D1B294240A200FCB1CD /* Protocols */ = {
			isa = PBXGroup;
			children = (
				949E7D192942409300FCB1CD /* SelfConfigureCell.swift */,
				9453EF602944BAAE00A490A6 /* AuthNavigationDelegate.swift */,
				940FD64E2947B2950042B75F /* WaitingChatsNavigation.swift */,
			);
			path = Protocols;
			sourceTree = "<group>";
		};
		949E7D22294252E500FCB1CD /* Header */ = {
			isa = PBXGroup;
			children = (
				949E7D202942465500FCB1CD /* SectionHeader.swift */,
			);
			path = Header;
			sourceTree = "<group>";
		};
		949E7D27294253B800FCB1CD /* Models */ = {
			isa = PBXGroup;
			children = (
				949E7D232942537100FCB1CD /* MUser.swift */,
				949E7D252942537C00FCB1CD /* MChat.swift */,
				940FD64C294795770042B75F /* MMessage.swift */,
			);
			path = Models;
			sourceTree = "<group>";
		};
		949E7D3F2943952400FCB1CD /* Services */ = {
			isa = PBXGroup;
			children = (
				949E7D27294253B800FCB1CD /* Models */,
				949E7D402943955B00FCB1CD /* AuthService.swift */,
				94B4A28929461AE00051AE96 /* FirestoreService.swift */,
				94F4CAF9294655B200C6C810 /* StorageService.swift */,
				940FD645294774AC0042B75F /* ListenerService.swift */,
			);
			path = Services;
			sourceTree = "<group>";
		};
		94B4A28B29461B280051AE96 /* Frameworks */ = {
			isa = PBXGroup;
			children = (
			);
			name = Frameworks;
			sourceTree = "<group>";
		};
/* End PBXGroup section */

/* Begin PBXNativeTarget section */
		9470345B2940D95500510CB1 /* IChatApp */ = {
			isa = PBXNativeTarget;
			buildConfigurationList = 947034702940D95700510CB1 /* Build configuration list for PBXNativeTarget "IChatApp" */;
			buildPhases = (
				947034582940D95500510CB1 /* Sources */,
				947034592940D95500510CB1 /* Frameworks */,
				9470345A2940D95500510CB1 /* Resources */,
			);
			buildRules = (
			);
			dependencies = (
			);
			name = IChatApp;
			packageProductDependencies = (
				949E7D3B29437E6200FCB1CD /* FirebaseAnalytics */,
				949E7D3D29437E6200FCB1CD /* FirebaseAuth */,
				94B4A28C29461B280051AE96 /* FirebaseFirestore */,
				94F4CAF329464F7D00C6C810 /* GoogleSignIn */,
				940FD641294764460042B75F /* FirebaseStorage */,
				940FD64829477C6E0042B75F /* Nuke */,
				940FD64A29477FAC0042B75F /* NukeExtensions */,
				94F2667529494F9900576519 /* MessageKit */,
				94F2667B2949FF6900576519 /* InputBarAccessoryView */,
			);
			productName = IChatApp;
			productReference = 9470345C2940D95500510CB1 /* IChatApp.app */;
			productType = "com.apple.product-type.application";
		};
/* End PBXNativeTarget section */

/* Begin PBXProject section */
		947034542940D95500510CB1 /* Project object */ = {
			isa = PBXProject;
			attributes = {
				BuildIndependentTargetsInParallel = 1;
				LastSwiftUpdateCheck = 1410;
				LastUpgradeCheck = 1410;
				TargetAttributes = {
					9470345B2940D95500510CB1 = {
						CreatedOnToolsVersion = 14.1;
					};
				};
			};
			buildConfigurationList = 947034572940D95500510CB1 /* Build configuration list for PBXProject "IChatApp" */;
			compatibilityVersion = "Xcode 14.0";
			developmentRegion = en;
			hasScannedForEncodings = 0;
			knownRegions = (
				en,
				Base,
			);
			mainGroup = 947034532940D95500510CB1;
			packageReferences = (
				949E7D3A29437E6200FCB1CD /* XCRemoteSwiftPackageReference "firebase-ios-sdk" */,
				94F4CAF229464F7C00C6C810 /* XCRemoteSwiftPackageReference "GoogleSignIn-iOS" */,
				940FD64729477C6E0042B75F /* XCRemoteSwiftPackageReference "Nuke" */,
				94F2667429494F9800576519 /* XCRemoteSwiftPackageReference "MessageKit" */,
				94F2667A2949FF6900576519 /* XCRemoteSwiftPackageReference "InputBarAccessoryView" */,
			);
			productRefGroup = 9470345D2940D95500510CB1 /* Products */;
			projectDirPath = "";
			projectRoot = "";
			targets = (
				9470345B2940D95500510CB1 /* IChatApp */,
			);
		};
/* End PBXProject section */

/* Begin PBXResourcesBuildPhase section */
		9470345A2940D95500510CB1 /* Resources */ = {
			isa = PBXResourcesBuildPhase;
			buildActionMask = 2147483647;
			files = (
				949E7D2B294254AF00FCB1CD /* users.json in Resources */,
				949E7D1E294244BF00FCB1CD /* waitingChats.json in Resources */,
				9470346C2940D95700510CB1 /* LaunchScreen.storyboard in Resources */,
				947034692940D95700510CB1 /* Assets.xcassets in Resources */,
				949E7D1F294244BF00FCB1CD /* activeChats.json in Resources */,
				949E7D392943764400FCB1CD /* GoogleService-Info.plist in Resources */,
			);
			runOnlyForDeploymentPostprocessing = 0;
		};
/* End PBXResourcesBuildPhase section */

/* Begin PBXSourcesBuildPhase section */
		947034582940D95500510CB1 /* Sources */ = {
			isa = PBXSourcesBuildPhase;
			buildActionMask = 2147483647;
			files = (
				949E7D262942537C00FCB1CD /* MChat.swift in Sources */,
				949E7CFB2941026300FCB1CD /* OneLineTextField.swift in Sources */,
				949E7D1629422DA900FCB1CD /* GadientView.swift in Sources */,
				949E7D212942465500FCB1CD /* SectionHeader.swift in Sources */,
				949E7CF92941009F00FCB1CD /* SignUpViewController.swift in Sources */,
				940FD646294774AC0042B75F /* ListenerService.swift in Sources */,
				94F4CAFA294655B200C6C810 /* StorageService.swift in Sources */,
				940FD6542948B5AC0042B75F /* ChatsViewController.swift in Sources */,
				949E7D0329411EA000FCB1CD /* UISegmentedControl + Extension.swift in Sources */,
				9453EF5E29449A6400A490A6 /* AuthError.swift in Sources */,
				940FD64F2947B2950042B75F /* WaitingChatsNavigation.swift in Sources */,
				949E7CEB2940E11000FCB1CD /* UIFont + Extension.swift in Sources */,
				949E7D242942537100FCB1CD /* MUser.swift in Sources */,
				9453EF5C2944982E00A490A6 /* Validators.swift in Sources */,
				949E7D142942233000FCB1CD /* ActiveChatCell.swift in Sources */,
				947034642940D95500510CB1 /* AuthViewController.swift in Sources */,
				949E7D332943643600FCB1CD /* InsertableTextField.swift in Sources */,
				94F2667E294A209A00576519 /* UIScrollView + Extension.swift in Sources */,
				949E7D0B2942082600FCB1CD /* PeopleViewController.swift in Sources */,
				949E7CFF2941120300FCB1CD /* SetupProfileViewController.swift in Sources */,
				94B4A28A29461AE00051AE96 /* FirestoreService.swift in Sources */,
				949E7D312942C16800FCB1CD /* ProfileViewController.swift in Sources */,
				949E7D1129421B0400FCB1CD /* Bundle-Decodable.swift in Sources */,
				949E7D3729436F2200FCB1CD /* ChatRequestViewController.swift in Sources */,
				947034602940D95500510CB1 /* AppDelegate.swift in Sources */,
				9453EF612944BAAE00A490A6 /* AuthNavigationDelegate.swift in Sources */,
				949E7CF72940FEFA00FCB1CD /* UIStackView + Extension.swift in Sources */,
				949E7D012941166000FCB1CD /* AddPhotoView.swift in Sources */,
				94B4A28F29461D830051AE96 /* UserError.swift in Sources */,
				949E7CEF2940E45100FCB1CD /* UILabel + Extension.swift in Sources */,
				949E7CF52940EC0500FCB1CD /* ButtonFromView.swift in Sources */,
				940FD64D294795770042B75F /* MMessage.swift in Sources */,
				949E7D3529436B1900FCB1CD /* UIView + Extension.swift in Sources */,
				949E7CF12940EAB300FCB1CD /* UIImageView + Extension.swift in Sources */,
				949E7CED2940E20A00FCB1CD /* UIColor + Extension.swift in Sources */,
				949E7D2D2942B50700FCB1CD /* UserCell.swift in Sources */,
				949E7D2F2942B68600FCB1CD /* UIViewController + Extension.swift in Sources */,
				940FD6442947651B0042B75F /* UIImage + Extension.swift in Sources */,
				949E7D182942343A00FCB1CD /* WaitingChatCell.swift in Sources */,
				947034622940D95500510CB1 /* SceneDelegate.swift in Sources */,
				949E7D092942081000FCB1CD /* ListViewController.swift in Sources */,
				949E7CFD29410C4400FCB1CD /* LoginViewController.swift in Sources */,
				949E7CE92940DEED00FCB1CD /* UIButton + Extension.swift in Sources */,
				949E7D412943955B00FCB1CD /* AuthService.swift in Sources */,
				949E7D1A2942409300FCB1CD /* SelfConfigureCell.swift in Sources */,
				949E7D07294207E700FCB1CD /* MainTabBarController.swift in Sources */,
			);
			runOnlyForDeploymentPostprocessing = 0;
		};
/* End PBXSourcesBuildPhase section */

/* Begin PBXVariantGroup section */
		9470346A2940D95700510CB1 /* LaunchScreen.storyboard */ = {
			isa = PBXVariantGroup;
			children = (
				9470346B2940D95700510CB1 /* Base */,
			);
			name = LaunchScreen.storyboard;
			sourceTree = "<group>";
		};
/* End PBXVariantGroup section */

/* Begin XCBuildConfiguration section */
		9470346E2940D95700510CB1 /* Debug */ = {
			isa = XCBuildConfiguration;
			buildSettings = {
				ALWAYS_SEARCH_USER_PATHS = NO;
				CLANG_ANALYZER_NONNULL = YES;
				CLANG_ANALYZER_NUMBER_OBJECT_CONVERSION = YES_AGGRESSIVE;
				CLANG_CXX_LANGUAGE_STANDARD = "gnu++20";
				CLANG_ENABLE_MODULES = YES;
				CLANG_ENABLE_OBJC_ARC = YES;
				CLANG_ENABLE_OBJC_WEAK = YES;
				CLANG_WARN_BLOCK_CAPTURE_AUTORELEASING = YES;
				CLANG_WARN_BOOL_CONVERSION = YES;
				CLANG_WARN_COMMA = YES;
				CLANG_WARN_CONSTANT_CONVERSION = YES;
				CLANG_WARN_DEPRECATED_OBJC_IMPLEMENTATIONS = YES;
				CLANG_WARN_DIRECT_OBJC_ISA_USAGE = YES_ERROR;
				CLANG_WARN_DOCUMENTATION_COMMENTS = YES;
				CLANG_WARN_EMPTY_BODY = YES;
				CLANG_WARN_ENUM_CONVERSION = YES;
				CLANG_WARN_INFINITE_RECURSION = YES;
				CLANG_WARN_INT_CONVERSION = YES;
				CLANG_WARN_NON_LITERAL_NULL_CONVERSION = YES;
				CLANG_WARN_OBJC_IMPLICIT_RETAIN_SELF = YES;
				CLANG_WARN_OBJC_LITERAL_CONVERSION = YES;
				CLANG_WARN_OBJC_ROOT_CLASS = YES_ERROR;
				CLANG_WARN_QUOTED_INCLUDE_IN_FRAMEWORK_HEADER = YES;
				CLANG_WARN_RANGE_LOOP_ANALYSIS = YES;
				CLANG_WARN_STRICT_PROTOTYPES = YES;
				CLANG_WARN_SUSPICIOUS_MOVE = YES;
				CLANG_WARN_UNGUARDED_AVAILABILITY = YES_AGGRESSIVE;
				CLANG_WARN_UNREACHABLE_CODE = YES;
				CLANG_WARN__DUPLICATE_METHOD_MATCH = YES;
				COPY_PHASE_STRIP = NO;
				DEBUG_INFORMATION_FORMAT = dwarf;
				ENABLE_STRICT_OBJC_MSGSEND = YES;
				ENABLE_TESTABILITY = YES;
				GCC_C_LANGUAGE_STANDARD = gnu11;
				GCC_DYNAMIC_NO_PIC = NO;
				GCC_NO_COMMON_BLOCKS = YES;
				GCC_OPTIMIZATION_LEVEL = 0;
				GCC_PREPROCESSOR_DEFINITIONS = (
					"DEBUG=1",
					"$(inherited)",
				);
				GCC_WARN_64_TO_32_BIT_CONVERSION = YES;
				GCC_WARN_ABOUT_RETURN_TYPE = YES_ERROR;
				GCC_WARN_UNDECLARED_SELECTOR = YES;
				GCC_WARN_UNINITIALIZED_AUTOS = YES_AGGRESSIVE;
				GCC_WARN_UNUSED_FUNCTION = YES;
				GCC_WARN_UNUSED_VARIABLE = YES;
				IPHONEOS_DEPLOYMENT_TARGET = 16.1;
				MTL_ENABLE_DEBUG_INFO = INCLUDE_SOURCE;
				MTL_FAST_MATH = YES;
				ONLY_ACTIVE_ARCH = YES;
				SDKROOT = iphoneos;
				SWIFT_ACTIVE_COMPILATION_CONDITIONS = DEBUG;
				SWIFT_OPTIMIZATION_LEVEL = "-Onone";
			};
			name = Debug;
		};
		9470346F2940D95700510CB1 /* Release */ = {
			isa = XCBuildConfiguration;
			buildSettings = {
				ALWAYS_SEARCH_USER_PATHS = NO;
				CLANG_ANALYZER_NONNULL = YES;
				CLANG_ANALYZER_NUMBER_OBJECT_CONVERSION = YES_AGGRESSIVE;
				CLANG_CXX_LANGUAGE_STANDARD = "gnu++20";
				CLANG_ENABLE_MODULES = YES;
				CLANG_ENABLE_OBJC_ARC = YES;
				CLANG_ENABLE_OBJC_WEAK = YES;
				CLANG_WARN_BLOCK_CAPTURE_AUTORELEASING = YES;
				CLANG_WARN_BOOL_CONVERSION = YES;
				CLANG_WARN_COMMA = YES;
				CLANG_WARN_CONSTANT_CONVERSION = YES;
				CLANG_WARN_DEPRECATED_OBJC_IMPLEMENTATIONS = YES;
				CLANG_WARN_DIRECT_OBJC_ISA_USAGE = YES_ERROR;
				CLANG_WARN_DOCUMENTATION_COMMENTS = YES;
				CLANG_WARN_EMPTY_BODY = YES;
				CLANG_WARN_ENUM_CONVERSION = YES;
				CLANG_WARN_INFINITE_RECURSION = YES;
				CLANG_WARN_INT_CONVERSION = YES;
				CLANG_WARN_NON_LITERAL_NULL_CONVERSION = YES;
				CLANG_WARN_OBJC_IMPLICIT_RETAIN_SELF = YES;
				CLANG_WARN_OBJC_LITERAL_CONVERSION = YES;
				CLANG_WARN_OBJC_ROOT_CLASS = YES_ERROR;
				CLANG_WARN_QUOTED_INCLUDE_IN_FRAMEWORK_HEADER = YES;
				CLANG_WARN_RANGE_LOOP_ANALYSIS = YES;
				CLANG_WARN_STRICT_PROTOTYPES = YES;
				CLANG_WARN_SUSPICIOUS_MOVE = YES;
				CLANG_WARN_UNGUARDED_AVAILABILITY = YES_AGGRESSIVE;
				CLANG_WARN_UNREACHABLE_CODE = YES;
				CLANG_WARN__DUPLICATE_METHOD_MATCH = YES;
				COPY_PHASE_STRIP = NO;
				DEBUG_INFORMATION_FORMAT = "dwarf-with-dsym";
				ENABLE_NS_ASSERTIONS = NO;
				ENABLE_STRICT_OBJC_MSGSEND = YES;
				GCC_C_LANGUAGE_STANDARD = gnu11;
				GCC_NO_COMMON_BLOCKS = YES;
				GCC_WARN_64_TO_32_BIT_CONVERSION = YES;
				GCC_WARN_ABOUT_RETURN_TYPE = YES_ERROR;
				GCC_WARN_UNDECLARED_SELECTOR = YES;
				GCC_WARN_UNINITIALIZED_AUTOS = YES_AGGRESSIVE;
				GCC_WARN_UNUSED_FUNCTION = YES;
				GCC_WARN_UNUSED_VARIABLE = YES;
				IPHONEOS_DEPLOYMENT_TARGET = 16.1;
				MTL_ENABLE_DEBUG_INFO = NO;
				MTL_FAST_MATH = YES;
				SDKROOT = iphoneos;
				SWIFT_COMPILATION_MODE = wholemodule;
				SWIFT_OPTIMIZATION_LEVEL = "-O";
				VALIDATE_PRODUCT = YES;
			};
			name = Release;
		};
		947034712940D95700510CB1 /* Debug */ = {
			isa = XCBuildConfiguration;
			buildSettings = {
				ASSETCATALOG_COMPILER_APPICON_NAME = AppIcon;
				ASSETCATALOG_COMPILER_GLOBAL_ACCENT_COLOR_NAME = AccentColor;
				CODE_SIGN_STYLE = Automatic;
				CURRENT_PROJECT_VERSION = 1;
				DEVELOPMENT_TEAM = 5SQ9882RGS;
				GENERATE_INFOPLIST_FILE = YES;
				INFOPLIST_FILE = IChatApp/Info.plist;
				INFOPLIST_KEY_UIApplicationSupportsIndirectInputEvents = YES;
				INFOPLIST_KEY_UILaunchStoryboardName = LaunchScreen;
				INFOPLIST_KEY_UISupportedInterfaceOrientations_iPad = "UIInterfaceOrientationPortrait UIInterfaceOrientationPortraitUpsideDown UIInterfaceOrientationLandscapeLeft UIInterfaceOrientationLandscapeRight";
				INFOPLIST_KEY_UISupportedInterfaceOrientations_iPhone = "UIInterfaceOrientationPortrait UIInterfaceOrientationLandscapeLeft UIInterfaceOrientationLandscapeRight";
				LD_RUNPATH_SEARCH_PATHS = (
					"$(inherited)",
					"@executable_path/Frameworks",
				);
				MARKETING_VERSION = 1.0;
				PRODUCT_BUNDLE_IDENTIFIER = edu.self.IChatApp;
				PRODUCT_NAME = "$(TARGET_NAME)";
				SWIFT_EMIT_LOC_STRINGS = YES;
				SWIFT_VERSION = 5.0;
				TARGETED_DEVICE_FAMILY = "1,2";
			};
			name = Debug;
		};
		947034722940D95700510CB1 /* Release */ = {
			isa = XCBuildConfiguration;
			buildSettings = {
				ASSETCATALOG_COMPILER_APPICON_NAME = AppIcon;
				ASSETCATALOG_COMPILER_GLOBAL_ACCENT_COLOR_NAME = AccentColor;
				CODE_SIGN_STYLE = Automatic;
				CURRENT_PROJECT_VERSION = 1;
				DEVELOPMENT_TEAM = 5SQ9882RGS;
				GENERATE_INFOPLIST_FILE = YES;
				INFOPLIST_FILE = IChatApp/Info.plist;
				INFOPLIST_KEY_UIApplicationSupportsIndirectInputEvents = YES;
				INFOPLIST_KEY_UILaunchStoryboardName = LaunchScreen;
				INFOPLIST_KEY_UISupportedInterfaceOrientations_iPad = "UIInterfaceOrientationPortrait UIInterfaceOrientationPortraitUpsideDown UIInterfaceOrientationLandscapeLeft UIInterfaceOrientationLandscapeRight";
				INFOPLIST_KEY_UISupportedInterfaceOrientations_iPhone = "UIInterfaceOrientationPortrait UIInterfaceOrientationLandscapeLeft UIInterfaceOrientationLandscapeRight";
				LD_RUNPATH_SEARCH_PATHS = (
					"$(inherited)",
					"@executable_path/Frameworks",
				);
				MARKETING_VERSION = 1.0;
				PRODUCT_BUNDLE_IDENTIFIER = edu.self.IChatApp;
				PRODUCT_NAME = "$(TARGET_NAME)";
				SWIFT_EMIT_LOC_STRINGS = YES;
				SWIFT_VERSION = 5.0;
				TARGETED_DEVICE_FAMILY = "1,2";
			};
			name = Release;
		};
/* End XCBuildConfiguration section */

/* Begin XCConfigurationList section */
		947034572940D95500510CB1 /* Build configuration list for PBXProject "IChatApp" */ = {
			isa = XCConfigurationList;
			buildConfigurations = (
				9470346E2940D95700510CB1 /* Debug */,
				9470346F2940D95700510CB1 /* Release */,
			);
			defaultConfigurationIsVisible = 0;
			defaultConfigurationName = Release;
		};
		947034702940D95700510CB1 /* Build configuration list for PBXNativeTarget "IChatApp" */ = {
			isa = XCConfigurationList;
			buildConfigurations = (
				947034712940D95700510CB1 /* Debug */,
				947034722940D95700510CB1 /* Release */,
			);
			defaultConfigurationIsVisible = 0;
			defaultConfigurationName = Release;
		};
/* End XCConfigurationList section */

/* Begin XCRemoteSwiftPackageReference section */
		940FD64729477C6E0042B75F /* XCRemoteSwiftPackageReference "Nuke" */ = {
			isa = XCRemoteSwiftPackageReference;
			repositoryURL = "https://github.com/kean/Nuke.git";
			requirement = {
				branch = master;
				kind = branch;
			};
		};
		949E7D3A29437E6200FCB1CD /* XCRemoteSwiftPackageReference "firebase-ios-sdk" */ = {
			isa = XCRemoteSwiftPackageReference;
			repositoryURL = "https://github.com/firebase/firebase-ios-sdk";
			requirement = {
				branch = master;
				kind = branch;
			};
		};
		94F2667429494F9800576519 /* XCRemoteSwiftPackageReference "MessageKit" */ = {
			isa = XCRemoteSwiftPackageReference;
			repositoryURL = "https://github.com/MessageKit/MessageKit";
			requirement = {
				kind = exactVersion;
				version = 3.8.0;
			};
		};
		94F2667A2949FF6900576519 /* XCRemoteSwiftPackageReference "InputBarAccessoryView" */ = {
			isa = XCRemoteSwiftPackageReference;
			repositoryURL = "https://github.com/nathantannar4/InputBarAccessoryView.git";
			requirement = {
				kind = versionRange;
				maximumVersion = 6.0.0;
				minimumVersion = 5.5.0;
			};
		};
		94F4CAF229464F7C00C6C810 /* XCRemoteSwiftPackageReference "GoogleSignIn-iOS" */ = {
			isa = XCRemoteSwiftPackageReference;
			repositoryURL = "https://github.com/google/GoogleSignIn-iOS";
			requirement = {
				kind = exactVersion;
				version = 6.2.4;
			};
		};
/* End XCRemoteSwiftPackageReference section */

/* Begin XCSwiftPackageProductDependency section */
		940FD641294764460042B75F /* FirebaseStorage */ = {
			isa = XCSwiftPackageProductDependency;
			package = 949E7D3A29437E6200FCB1CD /* XCRemoteSwiftPackageReference "firebase-ios-sdk" */;
			productName = FirebaseStorage;
		};
		940FD64829477C6E0042B75F /* Nuke */ = {
			isa = XCSwiftPackageProductDependency;
			package = 940FD64729477C6E0042B75F /* XCRemoteSwiftPackageReference "Nuke" */;
			productName = Nuke;
		};
		940FD64A29477FAC0042B75F /* NukeExtensions */ = {
			isa = XCSwiftPackageProductDependency;
			package = 940FD64729477C6E0042B75F /* XCRemoteSwiftPackageReference "Nuke" */;
			productName = NukeExtensions;
		};
		949E7D3B29437E6200FCB1CD /* FirebaseAnalytics */ = {
			isa = XCSwiftPackageProductDependency;
			package = 949E7D3A29437E6200FCB1CD /* XCRemoteSwiftPackageReference "firebase-ios-sdk" */;
			productName = FirebaseAnalytics;
		};
		949E7D3D29437E6200FCB1CD /* FirebaseAuth */ = {
			isa = XCSwiftPackageProductDependency;
			package = 949E7D3A29437E6200FCB1CD /* XCRemoteSwiftPackageReference "firebase-ios-sdk" */;
			productName = FirebaseAuth;
		};
		94B4A28C29461B280051AE96 /* FirebaseFirestore */ = {
			isa = XCSwiftPackageProductDependency;
			package = 949E7D3A29437E6200FCB1CD /* XCRemoteSwiftPackageReference "firebase-ios-sdk" */;
			productName = FirebaseFirestore;
		};
		94F2667529494F9900576519 /* MessageKit */ = {
			isa = XCSwiftPackageProductDependency;
			package = 94F2667429494F9800576519 /* XCRemoteSwiftPackageReference "MessageKit" */;
			productName = MessageKit;
		};
		94F2667B2949FF6900576519 /* InputBarAccessoryView */ = {
			isa = XCSwiftPackageProductDependency;
			package = 94F2667A2949FF6900576519 /* XCRemoteSwiftPackageReference "InputBarAccessoryView" */;
			productName = InputBarAccessoryView;
		};
		94F4CAF329464F7D00C6C810 /* GoogleSignIn */ = {
			isa = XCSwiftPackageProductDependency;
			package = 94F4CAF229464F7C00C6C810 /* XCRemoteSwiftPackageReference "GoogleSignIn-iOS" */;
			productName = GoogleSignIn;
		};
/* End XCSwiftPackageProductDependency section */
	};
	rootObject = 947034542940D95500510CB1 /* Project object */;
}
